FORGE
  remote: https://forgeapi.puppetlabs.com
  specs:
    bryana-osquery (0.1.4)
      puppetlabs-apt (>= 2.0.0)
    eyp-epel (3.1.21)
      puppetlabs-stdlib (>= 1.0.0)
    geoffwilliams-auditd (3.0.2)
      geoffwilliams-filemagic (= 0.5.2)
      puppetlabs-stdlib (>= 1.0.0)
    geoffwilliams-filemagic (0.5.2)
      puppetlabs-stdlib (>= 1.0.0)
    hardening-hardening_stdlib (0.1.2)
    hardening-os_hardening (2.1.1)
      puppetlabs-stdlib (< 5.0.0, >= 4.6.0)
      thias-sysctl (< 2.0.0, >= 1.0.6)
    hardening-ssh_hardening (1.0.5)
      puppetlabs-stdlib (>= 4.2.0)
      saz-ssh (>= 2.3.6)
    itmanagerro-rkhunter (1.0.1)
      puppetlabs-stdlib (< 6.5.4, >= 1.2.3)
    justinjl-smarthost (1.0.0)
      puppetlabs-stdlib (>= 1.0.0)
    puppet-archive (2.3.0)
      puppetlabs-stdlib (< 5.0.0, >= 4.13.1)
    puppet-extlib (2.3.0)
      puppetlabs-stdlib (< 5.0.0, >= 4.6.0)
    puppet-fail2ban (2.3.0)
      puppet-extlib (< 3.0.0, >= 2.3.0)
      puppetlabs-stdlib (< 5.0.0, >= 4.25.0)
    puppet-rsyslog (3.2.0)
      puppetlabs-concat (< 5.0.0, >= 2.0.0)
      puppetlabs-stdlib (< 5.0.0, >= 1.0.0)
    puppetlabs-accounts (2.0.0)
      puppetlabs-stdlib (< 5.0.0, >= 3.4.0)
    puppetlabs-apache (3.3.0)
      puppetlabs-concat (< 6.0.0, >= 2.2.1)
      puppetlabs-stdlib (< 6.0.0, >= 4.13.1)
    puppetlabs-apt (6.0.0)
      puppetlabs-stdlib (< 6.0.0, >= 4.16.0)
    puppetlabs-concat (4.2.1)
      puppetlabs-stdlib (< 5.0.0, >= 4.13.1)
    puppetlabs-firewall (1.12.0)
      puppetlabs-stdlib (< 5.0.0, >= 4.0.0)
    puppetlabs-java (3.2.0)
      puppet-archive (< 4.0.0, >= 1.1.0)
      puppetlabs-stdlib (< 6.0.0, >= 4.13.1)
    puppetlabs-ntp (7.2.0)
      puppetlabs-stdlib (< 5.0.0, >= 4.13.1)
    puppetlabs-stdlib (4.25.1)
    puppetlabs-tomcat (2.3.0)
      puppet-archive (< 3.0.0, >= 1.0.0)
      puppetlabs-concat (< 5.0.0, >= 1.1.0)
      puppetlabs-stdlib (< 5.0.0, >= 4.6.0)
    saz-ssh (4.0.0)
      puppetlabs-concat (< 5.0.0, >= 2.2.0)
      puppetlabs-stdlib (< 5.0.0, >= 4.24.0)
    thias-sysctl (1.0.6)

DEPENDENCIES
  bryana-osquery (>= 0)
  eyp-epel (>= 0)
  geoffwilliams-auditd (>= 0)
  hardening-hardening_stdlib (>= 0)
  hardening-os_hardening (>= 0)
  hardening-ssh_hardening (>= 0)
  itmanagerro-rkhunter (>= 0)
  justinjl-smarthost (>= 0)
  puppet-archive (= 2.3.0)
  puppet-fail2ban (>= 0)
  puppet-rsyslog (>= 0)
  puppetlabs-accounts (>= 0)
  puppetlabs-apache (>= 0)
  puppetlabs-apt (>= 0)
  puppetlabs-concat (>= 0)
  puppetlabs-firewall (>= 0)
  puppetlabs-java (>= 0)
  puppetlabs-ntp (>= 0)
  puppetlabs-stdlib (>= 0)
  puppetlabs-tomcat (>= 0)

